
Microsoft Visual Studio Solution File, Format Version 12.00
# Visual Studio Version 17
VisualStudioVersion = 17.6.33829.357
MinimumVisualStudioVersion = 10.0.40219.1
Project("{FAE04EC0-301F-11D3-BF4B-00C04F79EFBC}") = "KurulumWeb", "KurulumWeb\KurulumWeb.csproj", "{08CCE32C-386A-4E6D-81B8-BED0E208F8F0}"
EndProject
Project("{FAE04EC0-301F-11D3-BF4B-00C04F79EFBC}") = "SNMPDB", "SNMPDB\SNMPDB.csproj", "{45A3DE7B-C689-4F0B-8635-87ECA9C15680}"
EndProject
Global
	GlobalSection(SolutionConfigurationPlatforms) = preSolution
		Debug|Any CPU = Debug|Any CPU
		Release|Any CPU = Release|Any CPU
	EndGlobalSection
	GlobalSection(ProjectConfigurationPlatforms) = postSolution
		{08CCE32C-386A-4E6D-81B8-BED0E208F8F0}.Debug|Any CPU.ActiveCfg = Debug|Any CPU
		{08CCE32C-386A-4E6D-81B8-BED0E208F8F0}.Debug|Any CPU.Build.0 = Debug|Any CPU
		{08CCE32C-386A-4E6D-81B8-BED0E208F8F0}.Release|Any CPU.ActiveCfg = Release|Any CPU
		{08CCE32C-386A-4E6D-81B8-BED0E208F8F0}.Release|Any CPU.Build.0 = Release|Any CPU
		{45A3DE7B-C689-4F0B-8635-87ECA9C15680}.Debug|Any CPU.ActiveCfg = Debug|Any CPU
		{45A3DE7B-C689-4F0B-8635-87ECA9C15680}.Debug|Any CPU.Build.0 = Debug|Any CPU
		{45A3DE7B-C689-4F0B-8635-87ECA9C15680}.Release|Any CPU.ActiveCfg = Release|Any CPU
		{45A3DE7B-C689-4F0B-8635-87ECA9C15680}.Release|Any CPU.Build.0 = Release|Any CPU
	EndGlobalSection
	GlobalSection(SolutionProperties) = preSolution
		HideSolutionNode = FALSE
	EndGlobalSection
	GlobalSection(ExtensibilityGlobals) = postSolution
		SolutionGuid = {B5BCD3C7-2035-49FC-9B97-44345DFA6C4E}
	EndGlobalSection
EndGlobal
